
Microsoft Visual Studio Solution File, Format Version 12.00
# Visual Studio Version 17
VisualStudioVersion = 17.14.36414.22 d17.14
MinimumVisualStudioVersion = 10.0.40219.1
Project("{FAE04EC0-301F-11D3-BF4B-00C04F79EFBC}") = "Teste", "Teste\Teste.csproj", "{EDD5F433-07CD-4DFB-B5A1-5A8A38303BA3}"
EndProject
Global
	GlobalSection(SolutionConfigurationPlatforms) = preSolution
		Debug|Any CPU = Debug|Any CPU
		Release|Any CPU = Release|Any CPU
	EndGlobalSection
	GlobalSection(ProjectConfigurationPlatforms) = postSolution
		{EDD5F433-07CD-4DFB-B5A1-5A8A38303BA3}.Debug|Any CPU.ActiveCfg = Debug|Any CPU
		{EDD5F433-07CD-4DFB-B5A1-5A8A38303BA3}.Debug|Any CPU.Build.0 = Debug|Any CPU
		{EDD5F433-07CD-4DFB-B5A1-5A8A38303BA3}.Release|Any CPU.ActiveCfg = Release|Any CPU
		{EDD5F433-07CD-4DFB-B5A1-5A8A38303BA3}.Release|Any CPU.Build.0 = Release|Any CPU
	EndGlobalSection
	GlobalSection(SolutionProperties) = preSolution
		HideSolutionNode = FALSE
	EndGlobalSection
	GlobalSection(ExtensibilityGlobals) = postSolution
		SolutionGuid = {79A78067-711F-48BF-828B-7FBB4C20B0F9}
	EndGlobalSection
EndGlobal
